
Microsoft Visual Studio Solution File, Format Version 12.00
# Visual Studio Version 17
VisualStudioVersion = 17.2.32602.215
MinimumVisualStudioVersion = 10.0.40219.1
Project("{FAE04EC0-301F-11D3-BF4B-00C04F79EFBC}") = "MindboxAreaCalc", "MindboxAreaCalc\MindboxAreaCalc.csproj", "{0D463778-687E-4B89-AED0-90B6D9F04881}"
EndProject
Project("{FAE04EC0-301F-11D3-BF4B-00C04F79EFBC}") = "MindboxAreaCalcTests", "MindboxAreaCalcTests\MindboxAreaCalcTests.csproj", "{33D3C6F2-8B10-4631-A1C1-50138C8B9508}"
EndProject
Project("{FAE04EC0-301F-11D3-BF4B-00C04F79EFBC}") = "MindboxAreaCalc_usageExample", "MindboxAreaCalc_usageExample\MindboxAreaCalc_usageExample.csproj", "{C6F750DA-8CDF-4685-8E0C-1BAD7C9D76DE}"
EndProject
Global
	GlobalSection(SolutionConfigurationPlatforms) = preSolution
		Debug|Any CPU = Debug|Any CPU
		Release|Any CPU = Release|Any CPU
	EndGlobalSection
	GlobalSection(ProjectConfigurationPlatforms) = postSolution
		{0D463778-687E-4B89-AED0-90B6D9F04881}.Debug|Any CPU.ActiveCfg = Debug|Any CPU
		{0D463778-687E-4B89-AED0-90B6D9F04881}.Debug|Any CPU.Build.0 = Debug|Any CPU
		{0D463778-687E-4B89-AED0-90B6D9F04881}.Release|Any CPU.ActiveCfg = Release|Any CPU
		{0D463778-687E-4B89-AED0-90B6D9F04881}.Release|Any CPU.Build.0 = Release|Any CPU
		{33D3C6F2-8B10-4631-A1C1-50138C8B9508}.Debug|Any CPU.ActiveCfg = Debug|Any CPU
		{33D3C6F2-8B10-4631-A1C1-50138C8B9508}.Debug|Any CPU.Build.0 = Debug|Any CPU
		{33D3C6F2-8B10-4631-A1C1-50138C8B9508}.Release|Any CPU.ActiveCfg = Release|Any CPU
		{33D3C6F2-8B10-4631-A1C1-50138C8B9508}.Release|Any CPU.Build.0 = Release|Any CPU
		{C6F750DA-8CDF-4685-8E0C-1BAD7C9D76DE}.Debug|Any CPU.ActiveCfg = Debug|Any CPU
		{C6F750DA-8CDF-4685-8E0C-1BAD7C9D76DE}.Debug|Any CPU.Build.0 = Debug|Any CPU
		{C6F750DA-8CDF-4685-8E0C-1BAD7C9D76DE}.Release|Any CPU.ActiveCfg = Release|Any CPU
		{C6F750DA-8CDF-4685-8E0C-1BAD7C9D76DE}.Release|Any CPU.Build.0 = Release|Any CPU
	EndGlobalSection
	GlobalSection(SolutionProperties) = preSolution
		HideSolutionNode = FALSE
	EndGlobalSection
	GlobalSection(ExtensibilityGlobals) = postSolution
		SolutionGuid = {81A55146-BB82-4660-9923-B2EFB43BA9D6}
	EndGlobalSection
EndGlobal
